<Solution>
  <Folder Name="/.root/">
    <File Path=".editorconfig" />
    <File Path=".github/dependabot.yml" />
    <File Path=".gitignore" />
    <File Path="coverage-settings.xml" />
    <File Path="Directory.Build.props" />
    <File Path="Directory.Packages.props" />
    <File Path="dotnet-tools.json" />
    <File Path="global.json" />
    <File Path="readme.md" />
  </Folder>
  <Folder Name="/.root/workflows/">
    <File Path=".github/workflows/build.yml" />
    <File Path=".github/workflows/release.yml" />
  </Folder>
  <Folder Name="/Source/">
    <Project Path="src/Immediate.Injections.Analyzers/Immediate.Injections.Analyzers.csproj" />
    <Project Path="src/Immediate.Injections.Generators/Immediate.Injections.Generators.csproj" />
    <Project Path="src/Immediate.Injections.Shared/Immediate.Injections.Shared.csproj" />
    <Project Path="src/Immediate.Injections/Immediate.Injections.csproj" />
  </Folder>
  <Folder Name="/Tests/">
    <Project Path="tests/Immediate.Injections.FunctionalTests/Immediate.Injections.FunctionalTests.csproj" />
    <Project Path="tests/Immediate.Injections.Tests/Immediate.Injections.Tests.csproj" />
  </Folder>
</Solution>
